PODS:
  - Flutter (1.0.0)
  - flutterflappyconnect (0.0.1):
    - Flutter

DEPENDENCIES:
  - Flutter (from `Flutter`)
  - flutterflappyconnect (from `.symlinks/plugins/flutterflappyconnect/ios`)

EXTERNAL SOURCES:
  Flutter:
    :path: Flutter
  flutterflappyconnect:
    :path: ".symlinks/plugins/flutterflappyconnect/ios"

SPEC CHECKSUMS:
  Flutter: 50d75fe2f02b26cc09d224853bb45737f8b3214a
  flutterflappyconnect: 955d6fe3573ab5ee5cd3b24b96002c119c7600dc

PODFILE CHECKSUM: 8e679eca47255a8ca8067c4c67aab20e64cb974d

COCOAPODS: 1.11.2
